
Microsoft Visual Studio Solution File, Format Version 12.00
# Visual Studio Version 16
VisualStudioVersion = 16.0.31105.61
MinimumVisualStudioVersion = 10.0.40219.1
Project("{FAE04EC0-301F-11D3-BF4B-00C04F79EFBC}") = "TicTacToe", "TicTacToe.csproj", "{2A8BED80-C88A-4668-999F-1C8ECDEF3046}"
EndProject
Global
	GlobalSection(SolutionConfigurationPlatforms) = preSolution
		Debug|Any CPU = Debug|Any CPU
		Release|Any CPU = Release|Any CPU
	EndGlobalSection
	GlobalSection(ProjectConfigurationPlatforms) = postSolution
		{2A8BED80-C88A-4668-999F-1C8ECDEF3046}.Debug|Any CPU.ActiveCfg = Debug|Any CPU
		{2A8BED80-C88A-4668-999F-1C8ECDEF3046}.Debug|Any CPU.Build.0 = Debug|Any CPU
		{2A8BED80-C88A-4668-999F-1C8ECDEF3046}.Release|Any CPU.ActiveCfg = Release|Any CPU
		{2A8BED80-C88A-4668-999F-1C8ECDEF3046}.Release|Any CPU.Build.0 = Release|Any CPU
	EndGlobalSection
	GlobalSection(SolutionProperties) = preSolution
		HideSolutionNode = FALSE
	EndGlobalSection
	GlobalSection(ExtensibilityGlobals) = postSolution
		SolutionGuid = {934BA153-E597-4676-AEA3-C629C0BD2B94}
	EndGlobalSection
EndGlobal
