
Microsoft Visual Studio Solution File, Format Version 12.00
# Visual Studio Version 16
VisualStudioVersion = 16.0.31105.61
MinimumVisualStudioVersion = 10.0.40219.1
Project("{FAE04EC0-301F-11D3-BF4B-00C04F79EFBC}") = "FibonacciSequence", "FibonacciSequence.csproj", "{4882BB6F-7E79-4357-B391-DC90225E6154}"
EndProject
Global
	GlobalSection(SolutionConfigurationPlatforms) = preSolution
		Debug|Any CPU = Debug|Any CPU
		Release|Any CPU = Release|Any CPU
	EndGlobalSection
	GlobalSection(ProjectConfigurationPlatforms) = postSolution
		{4882BB6F-7E79-4357-B391-DC90225E6154}.Debug|Any CPU.ActiveCfg = Debug|Any CPU
		{4882BB6F-7E79-4357-B391-DC90225E6154}.Debug|Any CPU.Build.0 = Debug|Any CPU
		{4882BB6F-7E79-4357-B391-DC90225E6154}.Release|Any CPU.ActiveCfg = Release|Any CPU
		{4882BB6F-7E79-4357-B391-DC90225E6154}.Release|Any CPU.Build.0 = Release|Any CPU
	EndGlobalSection
	GlobalSection(SolutionProperties) = preSolution
		HideSolutionNode = FALSE
	EndGlobalSection
	GlobalSection(ExtensibilityGlobals) = postSolution
		SolutionGuid = {D232A94A-AAB6-4517-A515-FEACA0BB3773}
	EndGlobalSection
EndGlobal
